Microsoft Visual Studio Solution File, Format Version 12.00
# Visual Studio Version 17
VisualStudioVersion = 17.7.34031.279
MinimumVisualStudioVersion = 16.0.0.0
Project("{9A19103F-16F7-4668-BE54-9A1E7A4F7556}") = "PathWithSteer.Windows", "PathWithSteer.Windows\PathWithSteer.Windows.csproj", "{4523676A-C948-45C0-9950-CED8103BCC53}"
EndProject
Project("{9A19103F-16F7-4668-BE54-9A1E7A4F7556}") = "PathWithSteer.Game", "PathWithSteer.Game\PathWithSteer.Game.csproj", "{4413CF22-F6EF-4346-8248-FB2C307DCAFE}"
EndProject
Global
	GlobalSection(SolutionConfigurationPlatforms) = preSolution
		Debug|Any CPU = Debug|Any CPU
		Release|Any CPU = Release|Any CPU
	EndGlobalSection
	GlobalSection(ProjectConfigurationPlatforms) = postSolution
		{4523676A-C948-45C0-9950-CED8103BCC53}.Debug|Any CPU.ActiveCfg = Debug|Any CPU
		{4523676A-C948-45C0-9950-CED8103BCC53}.Debug|Any CPU.Build.0 = Debug|Any CPU
		{4523676A-C948-45C0-9950-CED8103BCC53}.Release|Any CPU.ActiveCfg = Release|Any CPU
		{4523676A-C948-45C0-9950-CED8103BCC53}.Release|Any CPU.Build.0 = Release|Any CPU
		{4413CF22-F6EF-4346-8248-FB2C307DCAFE}.Debug|Any CPU.ActiveCfg = Debug|Any CPU
		{4413CF22-F6EF-4346-8248-FB2C307DCAFE}.Debug|Any CPU.Build.0 = Debug|Any CPU
		{4413CF22-F6EF-4346-8248-FB2C307DCAFE}.Release|Any CPU.ActiveCfg = Release|Any CPU
		{4413CF22-F6EF-4346-8248-FB2C307DCAFE}.Release|Any CPU.Build.0 = Release|Any CPU
	EndGlobalSection
	GlobalSection(SolutionProperties) = preSolution
		HideSolutionNode = FALSE
	EndGlobalSection
	GlobalSection(ExtensibilityGlobals) = postSolution
		SolutionGuid = {D3BC5D65-2331-4C18-A051-29856E922159}
	EndGlobalSection
EndGlobal
